
Microsoft Visual Studio Solution File, Format Version 12.00
# Visual Studio Version 17
VisualStudioVersion = 17.3.32929.385
MinimumVisualStudioVersion = 10.0.40219.1
Project("{FAE04EC0-301F-11D3-BF4B-00C04F79EFBC}") = "CommandQueryResponsibilitySegregation", "CommandQueryResponsibilitySegregation\CommandQueryResponsibilitySegregation.csproj", "{7CE66778-5D1A-4705-9677-13AD0E8A169F}"
EndProject
Global
	GlobalSection(SolutionConfigurationPlatforms) = preSolution
		Debug|Any CPU = Debug|Any CPU
		Release|Any CPU = Release|Any CPU
	EndGlobalSection
	GlobalSection(ProjectConfigurationPlatforms) = postSolution
		{7CE66778-5D1A-4705-9677-13AD0E8A169F}.Debug|Any CPU.ActiveCfg = Debug|Any CPU
		{7CE66778-5D1A-4705-9677-13AD0E8A169F}.Debug|Any CPU.Build.0 = Debug|Any CPU
		{7CE66778-5D1A-4705-9677-13AD0E8A169F}.Release|Any CPU.ActiveCfg = Release|Any CPU
		{7CE66778-5D1A-4705-9677-13AD0E8A169F}.Release|Any CPU.Build.0 = Release|Any CPU
	EndGlobalSection
	GlobalSection(SolutionProperties) = preSolution
		HideSolutionNode = FALSE
	EndGlobalSection
	GlobalSection(ExtensibilityGlobals) = postSolution
		SolutionGuid = {EB7C58C4-6F0E-45BE-90A2-EB9EF4B1B6F1}
	EndGlobalSection
EndGlobal
